{
  "version": 4,
  "terraform_version": "1.3.5",
  "serial": 254,
  "lineage": "5dca484f-5837-a62e-83fc-b48cc45ca33d",
  "outputs": {},
  "resources": [
    {
      "mode": "data",
      "type": "external",
      "name": "machine_name",
      "provider": "provider[\"registry.terraform.io/hashicorp/external\"]",
      "instances": [
        {
          "schema_version": 0,
          "attributes": {
            "id": "-",
            "program": [
              "python3",
              "./external/name-generator.py"
            ],
            "query": null,
            "result": {
              "name": "machine-262596224"
            },
            "working_dir": null
          },
          "sensitive_attributes": []
        }
      ]
    },
    {
      "mode": "managed",
      "type": "openstack_compute_instance_v2",
      "name": "create_windows_2010_workstation_in_high_value_target",
      "provider": "provider[\"registry.terraform.io/terraform-provider-openstack/openstack\"]",
      "instances": [
        {
          "index_key": 0,
          "schema_version": 0,
          "attributes": {
            "access_ip_v4": "10.100.3.139",
            "access_ip_v6": "",
            "admin_pass": null,
            "all_metadata": {},
            "all_tags": [],
            "availability_zone": "nova",
            "availability_zone_hints": null,
            "block_device": [
              {
                "boot_index": 0,
                "delete_on_termination": true,
                "destination_type": "volume",
                "device_type": "",
                "disk_bus": "",
                "guest_format": "",
                "source_type": "image",
                "uuid": "c53182dd-931c-45cd-9d7c-8ddd863fe7a4",
                "volume_size": 20,
                "volume_type": ""
              }
            ],
            "config_drive": null,
            "flavor_id": "f8d87f6f-5f88-4f70-8a2f-7fa962de857c",
            "flavor_name": "m1.medium",
            "floating_ip": null,
            "force_delete": false,
            "id": "b467ea9d-70dc-4dbb-b2b5-68f1d4283267",
            "image_id": "Attempt to boot from volume - no image supplied",
            "image_name": null,
            "key_pair": "",
            "metadata": null,
            "name": "windows_workstation_high_value_target-0",
            "network": [
              {
                "access_network": false,
                "fixed_ip_v4": "10.100.3.139",
                "fixed_ip_v6": "",
                "floating_ip": "",
                "mac": "fa:16:3e:9f:c1:86",
                "name": "cert_main_internal_high_value",
                "port": "",
                "uuid": "da0f5c3d-fd4e-47f6-9bb9-ec05c72bda12"
              }
            ],
            "network_mode": null,
            "personality": [],
            "power_state": "active",
            "region": "RegionOne",
            "scheduler_hints": [],
            "security_groups": [
              "default"
            ],
            "stop_before_destroy": false,
            "tags": null,
            "timeouts": {
              "create": "30m",
              "delete": null,
              "update": null
            },
            "user_data": null,
            "vendor_options": [],
            "volume": []
          },
          "sensitive_attributes": [],
          "private": "eyJlMmJmYjczMC1lY2FhLTExZTYtOGY4OC0zNDM2M2JjN2M0YzAiOnsiY3JlYXRlIjoxODAwMDAwMDAwMDAwLCJkZWxldGUiOjE4MDAwMDAwMDAwMDAsInVwZGF0ZSI6MTgwMDAwMDAwMDAwMH19",
          "dependencies": [
            "openstack_networking_network_v2.cert_main_internal_high_value",
            "openstack_networking_subnet_v2.cert_main_internal_high_value_target_subnet"
          ]
        },
        {
          "index_key": 1,
          "schema_version": 0,
          "attributes": {
            "access_ip_v4": "10.100.3.241",
            "access_ip_v6": "",
            "admin_pass": null,
            "all_metadata": {},
            "all_tags": [],
            "availability_zone": "nova",
            "availability_zone_hints": null,
            "block_device": [
              {
                "boot_index": 0,
                "delete_on_termination": true,
                "destination_type": "volume",
                "device_type": "",
                "disk_bus": "",
                "guest_format": "",
                "source_type": "image",
                "uuid": "c53182dd-931c-45cd-9d7c-8ddd863fe7a4",
                "volume_size": 20,
                "volume_type": ""
              }
            ],
            "config_drive": null,
            "flavor_id": "f8d87f6f-5f88-4f70-8a2f-7fa962de857c",
            "flavor_name": "m1.medium",
            "floating_ip": null,
            "force_delete": false,
            "id": "21e17891-dcd0-4c5f-aebe-8c4cbc7d581d",
            "image_id": "Attempt to boot from volume - no image supplied",
            "image_name": null,
            "key_pair": "",
            "metadata": null,
            "name": "windows_workstation_high_value_target-1",
            "network": [
              {
                "access_network": false,
                "fixed_ip_v4": "10.100.3.241",
                "fixed_ip_v6": "",
                "floating_ip": "",
                "mac": "fa:16:3e:07:fa:45",
                "name": "cert_main_internal_high_value",
                "port": "",
                "uuid": "da0f5c3d-fd4e-47f6-9bb9-ec05c72bda12"
              }
            ],
            "network_mode": null,
            "personality": [],
            "power_state": "active",
            "region": "RegionOne",
            "scheduler_hints": [],
            "security_groups": [
              "default"
            ],
            "stop_before_destroy": false,
            "tags": null,
            "timeouts": {
              "create": "30m",
              "delete": null,
              "update": null
            },
            "user_data": null,
            "vendor_options": [],
            "volume": []
          },
          "sensitive_attributes": [],
          "private": "eyJlMmJmYjczMC1lY2FhLTExZTYtOGY4OC0zNDM2M2JjN2M0YzAiOnsiY3JlYXRlIjoxODAwMDAwMDAwMDAwLCJkZWxldGUiOjE4MDAwMDAwMDAwMDAsInVwZGF0ZSI6MTgwMDAwMDAwMDAwMH19",
          "dependencies": [
            "openstack_networking_network_v2.cert_main_internal_high_value",
            "openstack_networking_subnet_v2.cert_main_internal_high_value_target_subnet"
          ]
        },
        {
          "index_key": 2,
          "schema_version": 0,
          "attributes": {
            "access_ip_v4": "10.100.3.184",
            "access_ip_v6": "",
            "admin_pass": null,
            "all_metadata": {},
            "all_tags": [],
            "availability_zone": "nova",
            "availability_zone_hints": null,
            "block_device": [
              {
                "boot_index": 0,
                "delete_on_termination": true,
                "destination_type": "volume",
                "device_type": "",
                "disk_bus": "",
                "guest_format": "",
                "source_type": "image",
                "uuid": "c53182dd-931c-45cd-9d7c-8ddd863fe7a4",
                "volume_size": 20,
                "volume_type": ""
              }
            ],
            "config_drive": null,
            "flavor_id": "f8d87f6f-5f88-4f70-8a2f-7fa962de857c",
            "flavor_name": "m1.medium",
            "floating_ip": null,
            "force_delete": false,
            "id": "12e7dcfa-e5ed-47e8-beed-b40e9b32f249",
            "image_id": "Attempt to boot from volume - no image supplied",
            "image_name": null,
            "key_pair": "",
            "metadata": null,
            "name": "windows_workstation_high_value_target-2",
            "network": [
              {
                "access_network": false,
                "fixed_ip_v4": "10.100.3.184",
                "fixed_ip_v6": "",
                "floating_ip": "",
                "mac": "fa:16:3e:6e:bd:34",
                "name": "cert_main_internal_high_value",
                "port": "",
                "uuid": "da0f5c3d-fd4e-47f6-9bb9-ec05c72bda12"
              }
            ],
            "network_mode": null,
            "personality": [],
            "power_state": "active",
            "region": "RegionOne",
            "scheduler_hints": [],
            "security_groups": [
              "default"
            ],
            "stop_before_destroy": false,
            "tags": null,
            "timeouts": {
              "create": "30m",
              "delete": null,
              "update": null
            },
            "user_data": null,
            "vendor_options": [],
            "volume": []
          },
          "sensitive_attributes": [],
          "private": "eyJlMmJmYjczMC1lY2FhLTExZTYtOGY4OC0zNDM2M2JjN2M0YzAiOnsiY3JlYXRlIjoxODAwMDAwMDAwMDAwLCJkZWxldGUiOjE4MDAwMDAwMDAwMDAsInVwZGF0ZSI6MTgwMDAwMDAwMDAwMH19",
          "dependencies": [
            "openstack_networking_network_v2.cert_main_internal_high_value",
            "openstack_networking_subnet_v2.cert_main_internal_high_value_target_subnet"
          ]
        },
        {
          "index_key": 3,
          "status": "tainted",
          "schema_version": 0,
          "attributes": {
            "access_ip_v4": null,
            "access_ip_v6": null,
            "admin_pass": null,
            "all_metadata": null,
            "all_tags": [],
            "availability_zone": null,
            "availability_zone_hints": null,
            "block_device": [
              {
                "boot_index": 0,
                "delete_on_termination": true,
                "destination_type": "volume",
                "device_type": "",
                "disk_bus": "",
                "guest_format": "",
                "source_type": "image",
                "uuid": "c53182dd-931c-45cd-9d7c-8ddd863fe7a4",
                "volume_size": 20,
                "volume_type": ""
              }
            ],
            "config_drive": null,
            "flavor_id": "f8d87f6f-5f88-4f70-8a2f-7fa962de857c",
            "flavor_name": null,
            "floating_ip": null,
            "force_delete": false,
            "id": "8efc7273-e2cf-48d6-9653-2df53a05f86a",
            "image_id": "c53182dd-931c-45cd-9d7c-8ddd863fe7a4",
            "image_name": null,
            "key_pair": null,
            "metadata": null,
            "name": "windows_workstation_high_value_target-3",
            "network": [
              {
                "access_network": false,
                "fixed_ip_v4": "",
                "fixed_ip_v6": "",
                "floating_ip": "",
                "mac": "",
                "name": "",
                "port": "",
                "uuid": "da0f5c3d-fd4e-47f6-9bb9-ec05c72bda12"
              }
            ],
            "network_mode": null,
            "personality": [],
            "power_state": "active",
            "region": null,
            "scheduler_hints": [],
            "security_groups": [
              "default"
            ],
            "stop_before_destroy": false,
            "tags": null,
            "timeouts": {
              "create": "30m",
              "delete": null,
              "update": null
            },
            "user_data": null,
            "vendor_options": [],
            "volume": []
          },
          "sensitive_attributes": [],
          "private": "eyJlMmJmYjczMC1lY2FhLTExZTYtOGY4OC0zNDM2M2JjN2M0YzAiOnsiY3JlYXRlIjoxODAwMDAwMDAwMDAwLCJkZWxldGUiOjE4MDAwMDAwMDAwMDAsInVwZGF0ZSI6MTgwMDAwMDAwMDAwMH19",
          "dependencies": [
            "openstack_networking_network_v2.cert_main_internal_high_value",
            "openstack_networking_subnet_v2.cert_main_internal_high_value_target_subnet"
          ]
        },
        {
          "index_key": 4,
          "schema_version": 0,
          "attributes": {
            "access_ip_v4": "10.100.3.243",
            "access_ip_v6": "",
            "admin_pass": null,
            "all_metadata": {},
            "all_tags": [],
            "availability_zone": "nova",
            "availability_zone_hints": null,
            "block_device": [
              {
                "boot_index": 0,
                "delete_on_termination": true,
                "destination_type": "volume",
                "device_type": "",
                "disk_bus": "",
                "guest_format": "",
                "source_type": "image",
                "uuid": "c53182dd-931c-45cd-9d7c-8ddd863fe7a4",
                "volume_size": 20,
                "volume_type": ""
              }
            ],
            "config_drive": null,
            "flavor_id": "f8d87f6f-5f88-4f70-8a2f-7fa962de857c",
            "flavor_name": "m1.medium",
            "floating_ip": null,
            "force_delete": false,
            "id": "75c7d8fb-9216-4d41-bfb1-43225f759130",
            "image_id": "Attempt to boot from volume - no image supplied",
            "image_name": null,
            "key_pair": "",
            "metadata": null,
            "name": "windows_workstation_high_value_target-4",
            "network": [
              {
                "access_network": false,
                "fixed_ip_v4": "10.100.3.243",
                "fixed_ip_v6": "",
                "floating_ip": "",
                "mac": "fa:16:3e:74:23:d3",
                "name": "cert_main_internal_high_value",
                "port": "",
                "uuid": "da0f5c3d-fd4e-47f6-9bb9-ec05c72bda12"
              }
            ],
            "network_mode": null,
            "personality": [],
            "power_state": "active",
            "region": "RegionOne",
            "scheduler_hints": [],
            "security_groups": [
              "default"
            ],
            "stop_before_destroy": false,
            "tags": null,
            "timeouts": {
              "create": "30m",
              "delete": null,
              "update": null
            },
            "user_data": null,
            "vendor_options": [],
            "volume": []
          },
          "sensitive_attributes": [],
          "private": "eyJlMmJmYjczMC1lY2FhLTExZTYtOGY4OC0zNDM2M2JjN2M0YzAiOnsiY3JlYXRlIjoxODAwMDAwMDAwMDAwLCJkZWxldGUiOjE4MDAwMDAwMDAwMDAsInVwZGF0ZSI6MTgwMDAwMDAwMDAwMH19",
          "dependencies": [
            "openstack_networking_network_v2.cert_main_internal_high_value",
            "openstack_networking_subnet_v2.cert_main_internal_high_value_target_subnet"
          ]
        },
        {
          "index_key": 5,
          "schema_version": 0,
          "attributes": {
            "access_ip_v4": "10.100.3.185",
            "access_ip_v6": "",
            "admin_pass": null,
            "all_metadata": {},
            "all_tags": [],
            "availability_zone": "nova",
            "availability_zone_hints": null,
            "block_device": [
              {
                "boot_index": 0,
                "delete_on_termination": true,
                "destination_type": "volume",
                "device_type": "",
                "disk_bus": "",
                "guest_format": "",
                "source_type": "image",
                "uuid": "c53182dd-931c-45cd-9d7c-8ddd863fe7a4",
                "volume_size": 20,
                "volume_type": ""
              }
            ],
            "config_drive": null,
            "flavor_id": "f8d87f6f-5f88-4f70-8a2f-7fa962de857c",
            "flavor_name": "m1.medium",
            "floating_ip": null,
            "force_delete": false,
            "id": "a704affa-1649-4e78-9831-71601cedcce9",
            "image_id": "Attempt to boot from volume - no image supplied",
            "image_name": null,
            "key_pair": "",
            "metadata": null,
            "name": "windows_workstation_high_value_target-5",
            "network": [
              {
                "access_network": false,
                "fixed_ip_v4": "10.100.3.185",
                "fixed_ip_v6": "",
                "floating_ip": "",
                "mac": "fa:16:3e:2c:66:7d",
                "name": "cert_main_internal_high_value",
                "port": "",
                "uuid": "da0f5c3d-fd4e-47f6-9bb9-ec05c72bda12"
              }
            ],
            "network_mode": null,
            "personality": [],
            "power_state": "active",
            "region": "RegionOne",
            "scheduler_hints": [],
            "security_groups": [
              "default"
            ],
            "stop_before_destroy": false,
            "tags": null,
            "timeouts": {
              "create": "30m",
              "delete": null,
              "update": null
            },
            "user_data": null,
            "vendor_options": [],
            "volume": []
          },
          "sensitive_attributes": [],
          "private": "eyJlMmJmYjczMC1lY2FhLTExZTYtOGY4OC0zNDM2M2JjN2M0YzAiOnsiY3JlYXRlIjoxODAwMDAwMDAwMDAwLCJkZWxldGUiOjE4MDAwMDAwMDAwMDAsInVwZGF0ZSI6MTgwMDAwMDAwMDAwMH19",
          "dependencies": [
            "openstack_networking_network_v2.cert_main_internal_high_value",
            "openstack_networking_subnet_v2.cert_main_internal_high_value_target_subnet"
          ]
        }
      ]
    },
    {
      "mode": "managed",
      "type": "openstack_compute_instance_v2",
      "name": "create_windows_2010_workstation_in_workstations",
      "provider": "provider[\"registry.terraform.io/terraform-provider-openstack/openstack\"]",
      "instances": [
        {
          "index_key": 0,
          "schema_version": 0,
          "attributes": {
            "access_ip_v4": "10.100.0.36",
            "access_ip_v6": "",
            "admin_pass": null,
            "all_metadata": {},
            "all_tags": [],
            "availability_zone": "nova",
            "availability_zone_hints": null,
            "block_device": [
              {
                "boot_index": 0,
                "delete_on_termination": true,
                "destination_type": "volume",
                "device_type": "",
                "disk_bus": "",
                "guest_format": "",
                "source_type": "image",
                "uuid": "c53182dd-931c-45cd-9d7c-8ddd863fe7a4",
                "volume_size": 20,
                "volume_type": ""
              }
            ],
            "config_drive": null,
            "flavor_id": "f8d87f6f-5f88-4f70-8a2f-7fa962de857c",
            "flavor_name": "m1.medium",
            "floating_ip": null,
            "force_delete": false,
            "id": "3ee9f482-1396-4e56-b568-cacba794e8fd",
            "image_id": "Attempt to boot from volume - no image supplied",
            "image_name": null,
            "key_pair": "",
            "metadata": null,
            "name": "windows_workstation_workstations-0",
            "network": [
              {
                "access_network": false,
                "fixed_ip_v4": "10.100.0.36",
                "fixed_ip_v6": "",
                "floating_ip": "",
                "mac": "fa:16:3e:d9:50:e3",
                "name": "cert_main_internal_workstations",
                "port": "",
                "uuid": "b421ec88-08ba-4666-828f-11e6289c547c"
              }
            ],
            "network_mode": null,
            "personality": [],
            "power_state": "active",
            "region": "RegionOne",
            "scheduler_hints": [],
            "security_groups": [
              "default"
            ],
            "stop_before_destroy": false,
            "tags": null,
            "timeouts": {
              "create": "30m",
              "delete": null,
              "update": null
            },
            "user_data": null,
            "vendor_options": [],
            "volume": []
          },
          "sensitive_attributes": [],
          "private": "eyJlMmJmYjczMC1lY2FhLTExZTYtOGY4OC0zNDM2M2JjN2M0YzAiOnsiY3JlYXRlIjoxODAwMDAwMDAwMDAwLCJkZWxldGUiOjE4MDAwMDAwMDAwMDAsInVwZGF0ZSI6MTgwMDAwMDAwMDAwMH19",
          "dependencies": [
            "openstack_networking_network_v2.cert_main_internal_workstations",
            "openstack_networking_subnet_v2.cert_main_internal_workstations_subnet"
          ]
        },
        {
          "index_key": 1,
          "schema_version": 0,
          "attributes": {
            "access_ip_v4": "10.100.0.232",
            "access_ip_v6": "",
            "admin_pass": null,
            "all_metadata": {},
            "all_tags": [],
            "availability_zone": "nova",
            "availability_zone_hints": null,
            "block_device": [
              {
                "boot_index": 0,
                "delete_on_termination": true,
                "destination_type": "volume",
                "device_type": "",
                "disk_bus": "",
                "guest_format": "",
                "source_type": "image",
                "uuid": "c53182dd-931c-45cd-9d7c-8ddd863fe7a4",
                "volume_size": 20,
                "volume_type": ""
              }
            ],
            "config_drive": null,
            "flavor_id": "f8d87f6f-5f88-4f70-8a2f-7fa962de857c",
            "flavor_name": "m1.medium",
            "floating_ip": null,
            "force_delete": false,
            "id": "98e0dbf6-dcba-416d-9fe5-90b7ee27ddb9",
            "image_id": "Attempt to boot from volume - no image supplied",
            "image_name": null,
            "key_pair": "",
            "metadata": null,
            "name": "windows_workstation_workstations-1",
            "network": [
              {
                "access_network": false,
                "fixed_ip_v4": "10.100.0.232",
                "fixed_ip_v6": "",
                "floating_ip": "",
                "mac": "fa:16:3e:93:6e:47",
                "name": "cert_main_internal_workstations",
                "port": "",
                "uuid": "b421ec88-08ba-4666-828f-11e6289c547c"
              }
            ],
            "network_mode": null,
            "personality": [],
            "power_state": "active",
            "region": "RegionOne",
            "scheduler_hints": [],
            "security_groups": [
              "default"
            ],
            "stop_before_destroy": false,
            "tags": null,
            "timeouts": {
              "create": "30m",
              "delete": null,
              "update": null
            },
            "user_data": null,
            "vendor_options": [],
            "volume": []
          },
          "sensitive_attributes": [],
          "private": "eyJlMmJmYjczMC1lY2FhLTExZTYtOGY4OC0zNDM2M2JjN2M0YzAiOnsiY3JlYXRlIjoxODAwMDAwMDAwMDAwLCJkZWxldGUiOjE4MDAwMDAwMDAwMDAsInVwZGF0ZSI6MTgwMDAwMDAwMDAwMH19",
          "dependencies": [
            "openstack_networking_network_v2.cert_main_internal_workstations",
            "openstack_networking_subnet_v2.cert_main_internal_workstations_subnet"
          ]
        },
        {
          "index_key": 2,
          "schema_version": 0,
          "attributes": {
            "access_ip_v4": "10.100.0.177",
            "access_ip_v6": "",
            "admin_pass": null,
            "all_metadata": {},
            "all_tags": [],
            "availability_zone": "nova",
            "availability_zone_hints": null,
            "block_device": [
              {
                "boot_index": 0,
                "delete_on_termination": true,
                "destination_type": "volume",
                "device_type": "",
                "disk_bus": "",
                "guest_format": "",
                "source_type": "image",
                "uuid": "c53182dd-931c-45cd-9d7c-8ddd863fe7a4",
                "volume_size": 20,
                "volume_type": ""
              }
            ],
            "config_drive": null,
            "flavor_id": "f8d87f6f-5f88-4f70-8a2f-7fa962de857c",
            "flavor_name": "m1.medium",
            "floating_ip": null,
            "force_delete": false,
            "id": "6d0efd2d-71fc-49a4-a5db-354340c4e40c",
            "image_id": "Attempt to boot from volume - no image supplied",
            "image_name": null,
            "key_pair": "",
            "metadata": null,
            "name": "windows_workstation_workstations-2",
            "network": [
              {
                "access_network": false,
                "fixed_ip_v4": "10.100.0.177",
                "fixed_ip_v6": "",
                "floating_ip": "",
                "mac": "fa:16:3e:9b:c8:53",
                "name": "cert_main_internal_workstations",
                "port": "",
                "uuid": "b421ec88-08ba-4666-828f-11e6289c547c"
              }
            ],
            "network_mode": null,
            "personality": [],
            "power_state": "active",
            "region": "RegionOne",
            "scheduler_hints": [],
            "security_groups": [
              "default"
            ],
            "stop_before_destroy": false,
            "tags": null,
            "timeouts": {
              "create": "30m",
              "delete": null,
              "update": null
            },
            "user_data": null,
            "vendor_options": [],
            "volume": []
          },
          "sensitive_attributes": [],
          "private": "eyJlMmJmYjczMC1lY2FhLTExZTYtOGY4OC0zNDM2M2JjN2M0YzAiOnsiY3JlYXRlIjoxODAwMDAwMDAwMDAwLCJkZWxldGUiOjE4MDAwMDAwMDAwMDAsInVwZGF0ZSI6MTgwMDAwMDAwMDAwMH19",
          "dependencies": [
            "openstack_networking_network_v2.cert_main_internal_workstations",
            "openstack_networking_subnet_v2.cert_main_internal_workstations_subnet"
          ]
        },
        {
          "index_key": 3,
          "schema_version": 0,
          "attributes": {
            "access_ip_v4": "10.100.0.85",
            "access_ip_v6": "",
            "admin_pass": null,
            "all_metadata": {},
            "all_tags": [],
            "availability_zone": "nova",
            "availability_zone_hints": null,
            "block_device": [
              {
                "boot_index": 0,
                "delete_on_termination": true,
                "destination_type": "volume",
                "device_type": "",
                "disk_bus": "",
                "guest_format": "",
                "source_type": "image",
                "uuid": "c53182dd-931c-45cd-9d7c-8ddd863fe7a4",
                "volume_size": 20,
                "volume_type": ""
              }
            ],
            "config_drive": null,
            "flavor_id": "f8d87f6f-5f88-4f70-8a2f-7fa962de857c",
            "flavor_name": "m1.medium",
            "floating_ip": null,
            "force_delete": false,
            "id": "34e4c0a8-e6c9-4ff7-82d3-8f72d184a74d",
            "image_id": "Attempt to boot from volume - no image supplied",
            "image_name": null,
            "key_pair": "",
            "metadata": null,
            "name": "windows_workstation_workstations-3",
            "network": [
              {
                "access_network": false,
                "fixed_ip_v4": "10.100.0.85",
                "fixed_ip_v6": "",
                "floating_ip": "",
                "mac": "fa:16:3e:bd:03:33",
                "name": "cert_main_internal_workstations",
                "port": "",
                "uuid": "b421ec88-08ba-4666-828f-11e6289c547c"
              }
            ],
            "network_mode": null,
            "personality": [],
            "power_state": "active",
            "region": "RegionOne",
            "scheduler_hints": [],
            "security_groups": [
              "default"
            ],
            "stop_before_destroy": false,
            "tags": null,
            "timeouts": {
              "create": "30m",
              "delete": null,
              "update": null
            },
            "user_data": null,
            "vendor_options": [],
            "volume": []
          },
          "sensitive_attributes": [],
          "private": "eyJlMmJmYjczMC1lY2FhLTExZTYtOGY4OC0zNDM2M2JjN2M0YzAiOnsiY3JlYXRlIjoxODAwMDAwMDAwMDAwLCJkZWxldGUiOjE4MDAwMDAwMDAwMDAsInVwZGF0ZSI6MTgwMDAwMDAwMDAwMH19",
          "dependencies": [
            "openstack_networking_network_v2.cert_main_internal_workstations",
            "openstack_networking_subnet_v2.cert_main_internal_workstations_subnet"
          ]
        },
        {
          "index_key": 4,
          "schema_version": 0,
          "attributes": {
            "access_ip_v4": "10.100.0.187",
            "access_ip_v6": "",
            "admin_pass": null,
            "all_metadata": {},
            "all_tags": [],
            "availability_zone": "nova",
            "availability_zone_hints": null,
            "block_device": [
              {
                "boot_index": 0,
                "delete_on_termination": true,
                "destination_type": "volume",
                "device_type": "",
                "disk_bus": "",
                "guest_format": "",
                "source_type": "image",
                "uuid": "c53182dd-931c-45cd-9d7c-8ddd863fe7a4",
                "volume_size": 20,
                "volume_type": ""
              }
            ],
            "config_drive": null,
            "flavor_id": "f8d87f6f-5f88-4f70-8a2f-7fa962de857c",
            "flavor_name": "m1.medium",
            "floating_ip": null,
            "force_delete": false,
            "id": "d8951e45-247d-439a-a2cd-c5af52cd5042",
            "image_id": "Attempt to boot from volume - no image supplied",
            "image_name": null,
            "key_pair": "",
            "metadata": null,
            "name": "windows_workstation_workstations-4",
            "network": [
              {
                "access_network": false,
                "fixed_ip_v4": "10.100.0.187",
                "fixed_ip_v6": "",
                "floating_ip": "",
                "mac": "fa:16:3e:73:79:d3",
                "name": "cert_main_internal_workstations",
                "port": "",
                "uuid": "b421ec88-08ba-4666-828f-11e6289c547c"
              }
            ],
            "network_mode": null,
            "personality": [],
            "power_state": "active",
            "region": "RegionOne",
            "scheduler_hints": [],
            "security_groups": [
              "default"
            ],
            "stop_before_destroy": false,
            "tags": null,
            "timeouts": {
              "create": "30m",
              "delete": null,
              "update": null
            },
            "user_data": null,
            "vendor_options": [],
            "volume": []
          },
          "sensitive_attributes": [],
          "private": "eyJlMmJmYjczMC1lY2FhLTExZTYtOGY4OC0zNDM2M2JjN2M0YzAiOnsiY3JlYXRlIjoxODAwMDAwMDAwMDAwLCJkZWxldGUiOjE4MDAwMDAwMDAwMDAsInVwZGF0ZSI6MTgwMDAwMDAwMDAwMH19",
          "dependencies": [
            "openstack_networking_network_v2.cert_main_internal_workstations",
            "openstack_networking_subnet_v2.cert_main_internal_workstations_subnet"
          ]
        },
        {
          "index_key": 5,
          "schema_version": 0,
          "attributes": {
            "access_ip_v4": "10.100.0.43",
            "access_ip_v6": "",
            "admin_pass": null,
            "all_metadata": {},
            "all_tags": [],
            "availability_zone": "nova",
            "availability_zone_hints": null,
            "block_device": [
              {
                "boot_index": 0,
                "delete_on_termination": true,
                "destination_type": "volume",
                "device_type": "",
                "disk_bus": "",
                "guest_format": "",
                "source_type": "image",
                "uuid": "c53182dd-931c-45cd-9d7c-8ddd863fe7a4",
                "volume_size": 20,
                "volume_type": ""
              }
            ],
            "config_drive": null,
            "flavor_id": "f8d87f6f-5f88-4f70-8a2f-7fa962de857c",
            "flavor_name": "m1.medium",
            "floating_ip": null,
            "force_delete": false,
            "id": "8ca0ac4b-dac9-4eb4-927b-a4e5b1ed17d7",
            "image_id": "Attempt to boot from volume - no image supplied",
            "image_name": null,
            "key_pair": "",
            "metadata": null,
            "name": "windows_workstation_workstations-5",
            "network": [
              {
                "access_network": false,
                "fixed_ip_v4": "10.100.0.43",
                "fixed_ip_v6": "",
                "floating_ip": "",
                "mac": "fa:16:3e:12:68:62",
                "name": "cert_main_internal_workstations",
                "port": "",
                "uuid": "b421ec88-08ba-4666-828f-11e6289c547c"
              }
            ],
            "network_mode": null,
            "personality": [],
            "power_state": "active",
            "region": "RegionOne",
            "scheduler_hints": [],
            "security_groups": [
              "default"
            ],
            "stop_before_destroy": false,
            "tags": null,
            "timeouts": {
              "create": "30m",
              "delete": null,
              "update": null
            },
            "user_data": null,
            "vendor_options": [],
            "volume": []
          },
          "sensitive_attributes": [],
          "private": "eyJlMmJmYjczMC1lY2FhLTExZTYtOGY4OC0zNDM2M2JjN2M0YzAiOnsiY3JlYXRlIjoxODAwMDAwMDAwMDAwLCJkZWxldGUiOjE4MDAwMDAwMDAwMDAsInVwZGF0ZSI6MTgwMDAwMDAwMDAwMH19",
          "dependencies": [
            "openstack_networking_network_v2.cert_main_internal_workstations",
            "openstack_networking_subnet_v2.cert_main_internal_workstations_subnet"
          ]
        }
      ]
    },
    {
      "mode": "managed",
      "type": "openstack_compute_secgroup_v2",
      "name": "create_security_group_cert_main_internal",
      "provider": "provider[\"registry.terraform.io/terraform-provider-openstack/openstack\"]",
      "instances": [
        {
          "schema_version": 0,
          "attributes": {
            "description": "Security group for cert_main_internal network",
            "id": "1ce4b786-3e9a-4aad-bbf8-bcca68fdafe0",
            "name": "security_group-cert_main_internal",
            "region": "RegionOne",
            "rule": [],
            "timeouts": null
          },
          "sensitive_attributes": [],
          "private": "eyJlMmJmYjczMC1lY2FhLTExZTYtOGY4OC0zNDM2M2JjN2M0YzAiOnsiZGVsZXRlIjo2MDAwMDAwMDAwMDB9fQ=="
        }
      ]
    },
    {
      "mode": "managed",
      "type": "openstack_compute_secgroup_v2",
      "name": "security_group_cert_attack_network",
      "provider": "provider[\"registry.terraform.io/terraform-provider-openstack/openstack\"]",
      "instances": [
        {
          "schema_version": 0,
          "attributes": {
            "description": "Security group for cert_attack_network network",
            "id": "95188452-a755-4aa6-89e6-96b7d3b70b4a",
            "name": "security_group-cert_attack_network",
            "region": "RegionOne",
            "rule": [],
            "timeouts": null
          },
          "sensitive_attributes": [],
          "private": "eyJlMmJmYjczMC1lY2FhLTExZTYtOGY4OC0zNDM2M2JjN2M0YzAiOnsiZGVsZXRlIjo2MDAwMDAwMDAwMDB9fQ==",
          "dependencies": [
            "openstack_networking_network_v2.cert_attack_network_workstations"
          ]
        }
      ]
    },
    {
      "mode": "managed",
      "type": "openstack_networking_network_v2",
      "name": "cert_attack_network_workstations",
      "provider": "provider[\"registry.terraform.io/terraform-provider-openstack/openstack\"]",
      "instances": [
        {
          "schema_version": 0,
          "attributes": {
            "admin_state_up": true,
            "all_tags": [],
            "availability_zone_hints": [],
            "description": "",
            "dns_domain": "",
            "external": false,
            "id": "06aa834d-cd07-4a5a-a667-e7bea62d42c4",
            "mtu": 1450,
            "name": "cert_attack_network_workstations",
            "port_security_enabled": true,
            "qos_policy_id": "",
            "region": "RegionOne",
            "segments": [],
            "shared": false,
            "tags": null,
            "tenant_id": "e6a222c712e94affbbe454a98ad5f39b",
            "timeouts": null,
            "transparent_vlan": false,
            "value_specs": null
          },
          "sensitive_attributes": [],
          "private": "eyJlMmJmYjczMC1lY2FhLTExZTYtOGY4OC0zNDM2M2JjN2M0YzAiOnsiY3JlYXRlIjo2MDAwMDAwMDAwMDAsImRlbGV0ZSI6NjAwMDAwMDAwMDAwfX0="
        }
      ]
    },
    {
      "mode": "managed",
      "type": "openstack_networking_network_v2",
      "name": "cert_main_internal_dmz",
      "provider": "provider[\"registry.terraform.io/terraform-provider-openstack/openstack\"]",
      "instances": [
        {
          "schema_version": 0,
          "attributes": {
            "admin_state_up": true,
            "all_tags": [],
            "availability_zone_hints": [],
            "description": "",
            "dns_domain": "",
            "external": false,
            "id": "9450c613-0f87-45b6-b3dd-10105f9cc6d4",
            "mtu": 1450,
            "name": "cert_main_internal_dmz",
            "port_security_enabled": true,
            "qos_policy_id": "",
            "region": "RegionOne",
            "segments": [],
            "shared": false,
            "tags": null,
            "tenant_id": "e6a222c712e94affbbe454a98ad5f39b",
            "timeouts": null,
            "transparent_vlan": false,
            "value_specs": null
          },
          "sensitive_attributes": [],
          "private": "eyJlMmJmYjczMC1lY2FhLTExZTYtOGY4OC0zNDM2M2JjN2M0YzAiOnsiY3JlYXRlIjo2MDAwMDAwMDAwMDAsImRlbGV0ZSI6NjAwMDAwMDAwMDAwfX0="
        }
      ]
    },
    {
      "mode": "managed",
      "type": "openstack_networking_network_v2",
      "name": "cert_main_internal_high_value",
      "provider": "provider[\"registry.terraform.io/terraform-provider-openstack/openstack\"]",
      "instances": [
        {
          "schema_version": 0,
          "attributes": {
            "admin_state_up": true,
            "all_tags": [],
            "availability_zone_hints": [],
            "description": "",
            "dns_domain": "",
            "external": false,
            "id": "da0f5c3d-fd4e-47f6-9bb9-ec05c72bda12",
            "mtu": 1450,
            "name": "cert_main_internal_high_value",
            "port_security_enabled": true,
            "qos_policy_id": "",
            "region": "RegionOne",
            "segments": [],
            "shared": false,
            "tags": null,
            "tenant_id": "e6a222c712e94affbbe454a98ad5f39b",
            "timeouts": null,
            "transparent_vlan": false,
            "value_specs": null
          },
          "sensitive_attributes": [],
          "private": "eyJlMmJmYjczMC1lY2FhLTExZTYtOGY4OC0zNDM2M2JjN2M0YzAiOnsiY3JlYXRlIjo2MDAwMDAwMDAwMDAsImRlbGV0ZSI6NjAwMDAwMDAwMDAwfX0="
        }
      ]
    },
    {
      "mode": "managed",
      "type": "openstack_networking_network_v2",
      "name": "cert_main_internal_services",
      "provider": "provider[\"registry.terraform.io/terraform-provider-openstack/openstack\"]",
      "instances": [
        {
          "schema_version": 0,
          "attributes": {
            "admin_state_up": true,
            "all_tags": [],
            "availability_zone_hints": [],
            "description": "",
            "dns_domain": "",
            "external": false,
            "id": "bdf87e46-2cd2-4440-b388-1e943e864fd0",
            "mtu": 1450,
            "name": "cert_main_internal_services",
            "port_security_enabled": true,
            "qos_policy_id": "",
            "region": "RegionOne",
            "segments": [],
            "shared": false,
            "tags": null,
            "tenant_id": "e6a222c712e94affbbe454a98ad5f39b",
            "timeouts": null,
            "transparent_vlan": false,
            "value_specs": null
          },
          "sensitive_attributes": [],
          "private": "eyJlMmJmYjczMC1lY2FhLTExZTYtOGY4OC0zNDM2M2JjN2M0YzAiOnsiY3JlYXRlIjo2MDAwMDAwMDAwMDAsImRlbGV0ZSI6NjAwMDAwMDAwMDAwfX0="
        }
      ]
    },
    {
      "mode": "managed",
      "type": "openstack_networking_network_v2",
      "name": "cert_main_internal_workstations",
      "provider": "provider[\"registry.terraform.io/terraform-provider-openstack/openstack\"]",
      "instances": [
        {
          "schema_version": 0,
          "attributes": {
            "admin_state_up": true,
            "all_tags": [],
            "availability_zone_hints": [],
            "description": "",
            "dns_domain": "",
            "external": false,
            "id": "b421ec88-08ba-4666-828f-11e6289c547c",
            "mtu": 1450,
            "name": "cert_main_internal_workstations",
            "port_security_enabled": true,
            "qos_policy_id": "",
            "region": "RegionOne",
            "segments": [],
            "shared": false,
            "tags": null,
            "tenant_id": "e6a222c712e94affbbe454a98ad5f39b",
            "timeouts": null,
            "transparent_vlan": false,
            "value_specs": null
          },
          "sensitive_attributes": [],
          "private": "eyJlMmJmYjczMC1lY2FhLTExZTYtOGY4OC0zNDM2M2JjN2M0YzAiOnsiY3JlYXRlIjo2MDAwMDAwMDAwMDAsImRlbGV0ZSI6NjAwMDAwMDAwMDAwfX0="
        }
      ]
    },
    {
      "mode": "managed",
      "type": "openstack_networking_subnet_v2",
      "name": "cert_attack_network_workstations_subnet",
      "provider": "provider[\"registry.terraform.io/terraform-provider-openstack/openstack\"]",
      "instances": [
        {
          "schema_version": 0,
          "attributes": {
            "all_tags": [],
            "allocation_pool": [
              {
                "end": "10.200.0.254",
                "start": "10.200.0.2"
              }
            ],
            "allocation_pools": [
              {
                "end": "10.200.0.254",
                "start": "10.200.0.2"
              }
            ],
            "cidr": "10.200.0.0/24",
            "description": "",
            "dns_nameservers": null,
            "enable_dhcp": true,
            "gateway_ip": "10.200.0.1",
            "host_routes": [],
            "id": "828b3d87-5c43-4aec-b878-0f865a8bdfb6",
            "ip_version": 4,
            "ipv6_address_mode": "",
            "ipv6_ra_mode": "",
            "name": "workstations",
            "network_id": "06aa834d-cd07-4a5a-a667-e7bea62d42c4",
            "no_gateway": false,
            "prefix_length": null,
            "region": "RegionOne",
            "subnetpool_id": "",
            "tags": null,
            "tenant_id": "e6a222c712e94affbbe454a98ad5f39b",
            "timeouts": null,
            "value_specs": null
          },
          "sensitive_attributes": [],
          "private": "eyJlMmJmYjczMC1lY2FhLTExZTYtOGY4OC0zNDM2M2JjN2M0YzAiOnsiY3JlYXRlIjo2MDAwMDAwMDAwMDAsImRlbGV0ZSI6NjAwMDAwMDAwMDAwfX0=",
          "dependencies": [
            "openstack_networking_network_v2.cert_attack_network_workstations"
          ]
        }
      ]
    },
    {
      "mode": "managed",
      "type": "openstack_networking_subnet_v2",
      "name": "cert_main_internal_dmz_subnet",
      "provider": "provider[\"registry.terraform.io/terraform-provider-openstack/openstack\"]",
      "instances": [
        {
          "schema_version": 0,
          "attributes": {
            "all_tags": [],
            "allocation_pool": [
              {
                "end": "10.100.2.254",
                "start": "10.100.2.2"
              }
            ],
            "allocation_pools": [
              {
                "end": "10.100.2.254",
                "start": "10.100.2.2"
              }
            ],
            "cidr": "10.100.2.0/24",
            "description": "",
            "dns_nameservers": null,
            "enable_dhcp": true,
            "gateway_ip": "10.100.2.1",
            "host_routes": [],
            "id": "b77808c5-1c4e-4cb3-aa80-479bdfb8cae0",
            "ip_version": 4,
            "ipv6_address_mode": "",
            "ipv6_ra_mode": "",
            "name": "dmz",
            "network_id": "9450c613-0f87-45b6-b3dd-10105f9cc6d4",
            "no_gateway": false,
            "prefix_length": null,
            "region": "RegionOne",
            "subnetpool_id": "",
            "tags": null,
            "tenant_id": "e6a222c712e94affbbe454a98ad5f39b",
            "timeouts": null,
            "value_specs": null
          },
          "sensitive_attributes": [],
          "private": "eyJlMmJmYjczMC1lY2FhLTExZTYtOGY4OC0zNDM2M2JjN2M0YzAiOnsiY3JlYXRlIjo2MDAwMDAwMDAwMDAsImRlbGV0ZSI6NjAwMDAwMDAwMDAwfX0=",
          "dependencies": [
            "openstack_networking_network_v2.cert_main_internal_dmz"
          ]
        }
      ]
    },
    {
      "mode": "managed",
      "type": "openstack_networking_subnet_v2",
      "name": "cert_main_internal_high_value_target_subnet",
      "provider": "provider[\"registry.terraform.io/terraform-provider-openstack/openstack\"]",
      "instances": [
        {
          "schema_version": 0,
          "attributes": {
            "all_tags": [],
            "allocation_pool": [
              {
                "end": "10.100.3.254",
                "start": "10.100.3.2"
              }
            ],
            "allocation_pools": [
              {
                "end": "10.100.3.254",
                "start": "10.100.3.2"
              }
            ],
            "cidr": "10.100.3.0/24",
            "description": "",
            "dns_nameservers": null,
            "enable_dhcp": true,
            "gateway_ip": "10.100.3.1",
            "host_routes": [],
            "id": "966eb454-1971-4f67-afef-db6bab2e68dc",
            "ip_version": 4,
            "ipv6_address_mode": "",
            "ipv6_ra_mode": "",
            "name": "high_value_target",
            "network_id": "da0f5c3d-fd4e-47f6-9bb9-ec05c72bda12",
            "no_gateway": false,
            "prefix_length": null,
            "region": "RegionOne",
            "subnetpool_id": "",
            "tags": null,
            "tenant_id": "e6a222c712e94affbbe454a98ad5f39b",
            "timeouts": null,
            "value_specs": null
          },
          "sensitive_attributes": [],
          "private": "eyJlMmJmYjczMC1lY2FhLTExZTYtOGY4OC0zNDM2M2JjN2M0YzAiOnsiY3JlYXRlIjo2MDAwMDAwMDAwMDAsImRlbGV0ZSI6NjAwMDAwMDAwMDAwfX0=",
          "dependencies": [
            "openstack_networking_network_v2.cert_main_internal_high_value"
          ]
        }
      ]
    },
    {
      "mode": "managed",
      "type": "openstack_networking_subnet_v2",
      "name": "cert_main_internal_services_subnet",
      "provider": "provider[\"registry.terraform.io/terraform-provider-openstack/openstack\"]",
      "instances": [
        {
          "schema_version": 0,
          "attributes": {
            "all_tags": [],
            "allocation_pool": [
              {
                "end": "10.100.1.254",
                "start": "10.100.1.2"
              }
            ],
            "allocation_pools": [
              {
                "end": "10.100.1.254",
                "start": "10.100.1.2"
              }
            ],
            "cidr": "10.100.1.0/24",
            "description": "",
            "dns_nameservers": null,
            "enable_dhcp": true,
            "gateway_ip": "10.100.1.1",
            "host_routes": [],
            "id": "9ffffa17-7a9f-447e-bd2e-b38a2afbd365",
            "ip_version": 4,
            "ipv6_address_mode": "",
            "ipv6_ra_mode": "",
            "name": "services",
            "network_id": "bdf87e46-2cd2-4440-b388-1e943e864fd0",
            "no_gateway": false,
            "prefix_length": null,
            "region": "RegionOne",
            "subnetpool_id": "",
            "tags": null,
            "tenant_id": "e6a222c712e94affbbe454a98ad5f39b",
            "timeouts": null,
            "value_specs": null
          },
          "sensitive_attributes": [],
          "private": "eyJlMmJmYjczMC1lY2FhLTExZTYtOGY4OC0zNDM2M2JjN2M0YzAiOnsiY3JlYXRlIjo2MDAwMDAwMDAwMDAsImRlbGV0ZSI6NjAwMDAwMDAwMDAwfX0=",
          "dependencies": [
            "openstack_networking_network_v2.cert_main_internal_services"
          ]
        }
      ]
    },
    {
      "mode": "managed",
      "type": "openstack_networking_subnet_v2",
      "name": "cert_main_internal_workstations_subnet",
      "provider": "provider[\"registry.terraform.io/terraform-provider-openstack/openstack\"]",
      "instances": [
        {
          "schema_version": 0,
          "attributes": {
            "all_tags": [],
            "allocation_pool": [
              {
                "end": "10.100.0.254",
                "start": "10.100.0.2"
              }
            ],
            "allocation_pools": [
              {
                "end": "10.100.0.254",
                "start": "10.100.0.2"
              }
            ],
            "cidr": "10.100.0.0/24",
            "description": "",
            "dns_nameservers": null,
            "enable_dhcp": true,
            "gateway_ip": "10.100.0.1",
            "host_routes": [],
            "id": "ea8957e6-5bc4-4ad2-b56f-c1fe52f90759",
            "ip_version": 4,
            "ipv6_address_mode": "",
            "ipv6_ra_mode": "",
            "name": "workstations",
            "network_id": "b421ec88-08ba-4666-828f-11e6289c547c",
            "no_gateway": false,
            "prefix_length": null,
            "region": "RegionOne",
            "subnetpool_id": "",
            "tags": null,
            "tenant_id": "e6a222c712e94affbbe454a98ad5f39b",
            "timeouts": null,
            "value_specs": null
          },
          "sensitive_attributes": [],
          "private": "eyJlMmJmYjczMC1lY2FhLTExZTYtOGY4OC0zNDM2M2JjN2M0YzAiOnsiY3JlYXRlIjo2MDAwMDAwMDAwMDAsImRlbGV0ZSI6NjAwMDAwMDAwMDAwfX0=",
          "dependencies": [
            "openstack_networking_network_v2.cert_main_internal_workstations"
          ]
        }
      ]
    }
  ],
  "check_results": null
}
